
Microsoft Visual Studio Solution File, Format Version 12.00
# Visual Studio 14
VisualStudioVersion = 14.0.25420.1
MinimumVisualStudioVersion = 10.0.40219.1
Project("{FAE04EC0-301F-11D3-BF4B-00C04F79EFBC}") = "CRUD", "CRUD\CRUD.csproj", "{936A6B74-31C3-426D-A275-BCB574AB12D3}"
EndProject
Project("{FAE04EC0-301F-11D3-BF4B-00C04F79EFBC}") = "CRUDTest", "CRUDTest\CRUDTest.csproj", "{62CB291D-4E2D-4B43-A265-7F71CDA903DD}"
EndProject
Global
	GlobalSection(SolutionConfigurationPlatforms) = preSolution
		Debug|Any CPU = Debug|Any CPU
		Release|Any CPU = Release|Any CPU
	EndGlobalSection
	GlobalSection(ProjectConfigurationPlatforms) = postSolution
		{936A6B74-31C3-426D-A275-BCB574AB12D3}.Debug|Any CPU.ActiveCfg = Debug|Any CPU
		{936A6B74-31C3-426D-A275-BCB574AB12D3}.Debug|Any CPU.Build.0 = Debug|Any CPU
		{936A6B74-31C3-426D-A275-BCB574AB12D3}.Release|Any CPU.ActiveCfg = Release|Any CPU
		{936A6B74-31C3-426D-A275-BCB574AB12D3}.Release|Any CPU.Build.0 = Release|Any CPU
		{62CB291D-4E2D-4B43-A265-7F71CDA903DD}.Debug|Any CPU.ActiveCfg = Debug|Any CPU
		{62CB291D-4E2D-4B43-A265-7F71CDA903DD}.Debug|Any CPU.Build.0 = Debug|Any CPU
		{62CB291D-4E2D-4B43-A265-7F71CDA903DD}.Release|Any CPU.ActiveCfg = Release|Any CPU
		{62CB291D-4E2D-4B43-A265-7F71CDA903DD}.Release|Any CPU.Build.0 = Release|Any CPU
	EndGlobalSection
	GlobalSection(SolutionProperties) = preSolution
		HideSolutionNode = FALSE
	EndGlobalSection
EndGlobal
